PODS:
  - Alamofire (4.4.0)
  - AvatarImageView (2.0.3)
  - Crashlytics (3.8.4):
    - Fabric (~> 1.6.3)
  - Fabric (1.6.11)
  - GoogleMaps (2.2.0):
    - GoogleMaps/Maps (= 2.2.0)
  - GoogleMaps/Base (2.2.0)
  - GoogleMaps/Maps (2.2.0):
    - GoogleMaps/Base
  - GooglePlaces (2.2.0):
    - GoogleMaps/Base (= 2.2.0)
  - KeychainAccess (3.0.1)
  - Kingfisher (3.6.0)
  - ObjectMapper (2.2.5)
  - PhoneNumberKit (1.2.2):
    - PhoneNumberKit/PhoneNumberKitCore (= 1.2.2)
    - PhoneNumberKit/UIKit (= 1.2.2)
  - PhoneNumberKit/PhoneNumberKitCore (1.2.2)
  - PhoneNumberKit/UIKit (1.2.2):
    - PhoneNumberKit/PhoneNumberKitCore
  - PromiseKit (4.1.7):
    - PromiseKit/Foundation (= 4.1.7)
    - PromiseKit/QuartzCore (= 4.1.7)
    - PromiseKit/UIKit (= 4.1.7)
  - PromiseKit/CorePromise (4.1.7)
  - PromiseKit/Foundation (4.1.7):
    - PromiseKit/CorePromise
  - PromiseKit/QuartzCore (4.1.7):
    - PromiseKit/CorePromise
  - PromiseKit/UIKit (4.1.7):
    - PromiseKit/CorePromise
  - SwiftDate (4.0.13)
  - SwiftyJSON (3.1.4)

DEPENDENCIES:
  - Alamofire (~> 4.0)
  - AvatarImageView (~> 2.0)
  - Crashlytics
  - Fabric
  - GoogleMaps (~> 2.2)
  - GooglePlaces
  - KeychainAccess (~> 3.0)
  - Kingfisher (~> 3.0)
  - ObjectMapper (~> 2.2)
  - PhoneNumberKit (~> 1.2)
  - PromiseKit (~> 4.0)
  - SwiftDate (~> 4.0)
  - SwiftyJSON (~> 3.1)

SPEC CHECKSUMS:
  Alamofire: dc44b1600b800eb63da6a19039a0083d62a6a62d
  AvatarImageView: 25541e2051124e730c7a1b97f5e5b9345fbc1cfc
  Crashlytics: 79e236942ca1e7fc641df1feb9a275360a78ab6a
  Fabric: 5911403591946b8228ab1c51d98f1d7137e863c6
  GoogleMaps: 104c418d61ab8a05dff06ed0784c25ea9d37da45
  GooglePlaces: bca867d5e9da15384c794b945e4226848bc6e9d9
  KeychainAccess: 017ea25e313a49eda10bb19b0bb0760fb1edfe1a
  Kingfisher: 300035f9a40634dc9b452d946c9f22250688fecd
  ObjectMapper: fb30f71e08470d1e5a20b199fafe1246281db898
  PhoneNumberKit: ffae8f18fb78c1425c7af973711b0b0fd4f4104f
  PromiseKit: 779f2e41faf62d854e7593026ddbcb0bb5c5002d
  SwiftDate: 8ec416bb1b5129d1f35e8efaed720421f41d42df
  SwiftyJSON: c2842d878f95482ffceec5709abc3d05680c0220

PODFILE CHECKSUM: efcbff823555f388da13c9d5e0c677407b3fead8

COCOAPODS: 1.2.0
