// !$*UTF8*$!
{
	archiveVersion = 1;
	classes = {
	};
	objectVersion = 46;
	objects = {

/* Begin PBXBuildFile section */
		4CB3C514DDEA7EF3D68FBE33 /* Pods_SportUp.framework in Frameworks */ = {isa = PBXBuildFile; fileRef = 71E8B0240E1394FC209E929C /* Pods_SportUp.framework */; };
		880FFBC31E890A4000E3173E /* CalendarWeekView.swift in Sources */ = {isa = PBXBuildFile; fileRef = 880FFBC21E890A4000E3173E /* CalendarWeekView.swift */; };
		880FFBC51E890F3C00E3173E /* CalendarDayView.swift in Sources */ = {isa = PBXBuildFile; fileRef = 880FFBC41E890F3C00E3173E /* CalendarDayView.swift */; };
		880FFBC71E8917C400E3173E /* Date+WeekDates.swift in Sources */ = {isa = PBXBuildFile; fileRef = 880FFBC61E8917C400E3173E /* Date+WeekDates.swift */; };
		880FFBC91E8917C400E3173E /* Date+toString.swift in Sources */ = {isa = PBXBuildFile; fileRef = 880FFBC81E8917C400E3173E /* Date+toString.swift */; };
		8853D6991E880D8E00C4759C /* Event.swift in Sources */ = {isa = PBXBuildFile; fileRef = 8853D6981E880D8E00C4759C /* Event.swift */; };
		8853D69B1E88119600C4759C /* DateTransform.swift in Sources */ = {isa = PBXBuildFile; fileRef = 8853D69A1E88119600C4759C /* DateTransform.swift */; };
		8853D69F1E881B5100C4759C /* EventTableViewCell.swift in Sources */ = {isa = PBXBuildFile; fileRef = 8853D69E1E881B5100C4759C /* EventTableViewCell.swift */; };
		8853D6A11E881EED00C4759C /* Double+currencyString.swift in Sources */ = {isa = PBXBuildFile; fileRef = 8853D6A01E881EED00C4759C /* Double+currencyString.swift */; };
		8853D6A41E88318F00C4759C /* GamesMapViewController.storyboard in Resources */ = {isa = PBXBuildFile; fileRef = 8853D6A31E88318F00C4759C /* GamesMapViewController.storyboard */; };
		8853D6A61E88339500C4759C /* GamesMapViewController.swift in Sources */ = {isa = PBXBuildFile; fileRef = 8853D6A51E88339500C4759C /* GamesMapViewController.swift */; };
		889F89B41E86AB060027D852 /* MainTabBarController.swift in Sources */ = {isa = PBXBuildFile; fileRef = 889F89B31E86AB060027D852 /* MainTabBarController.swift */; };
		889F89BB1E86ABFA0027D852 /* ProfileViewController.storyboard in Resources */ = {isa = PBXBuildFile; fileRef = 889F89BA1E86ABFA0027D852 /* ProfileViewController.storyboard */; };
		889F89BD1E86AC0A0027D852 /* SportTypesViewController.storyboard in Resources */ = {isa = PBXBuildFile; fileRef = 889F89BC1E86AC0A0027D852 /* SportTypesViewController.storyboard */; };
		889F89BF1E86AC180027D852 /* MyGamesViewController.storyboard in Resources */ = {isa = PBXBuildFile; fileRef = 889F89BE1E86AC180027D852 /* MyGamesViewController.storyboard */; };
		889F89C11E86B1FE0027D852 /* Profile.swift in Sources */ = {isa = PBXBuildFile; fileRef = 889F89C01E86B1FE0027D852 /* Profile.swift */; };
		889F89CA1E86B5090027D852 /* StorageHelper.swift in Sources */ = {isa = PBXBuildFile; fileRef = 889F89C91E86B5090027D852 /* StorageHelper.swift */; };
		889F89CC1E86BACD0027D852 /* MyGamesViewController.swift in Sources */ = {isa = PBXBuildFile; fileRef = 889F89CB1E86BACD0027D852 /* MyGamesViewController.swift */; };
		889F89CE1E86BAD80027D852 /* SportTypesViewController.swift in Sources */ = {isa = PBXBuildFile; fileRef = 889F89CD1E86BAD80027D852 /* SportTypesViewController.swift */; };
		889F89D01E86BAE20027D852 /* ProfileViewController.swift in Sources */ = {isa = PBXBuildFile; fileRef = 889F89CF1E86BAE20027D852 /* ProfileViewController.swift */; };
		889F89D21E86C04A0027D852 /* ProfileManager.swift in Sources */ = {isa = PBXBuildFile; fileRef = 889F89D11E86C04A0027D852 /* ProfileManager.swift */; };
		889F89D41E86CB400027D852 /* MainTabBarController.storyboard in Resources */ = {isa = PBXBuildFile; fileRef = 889F89D31E86CB400027D852 /* MainTabBarController.storyboard */; };
		889F89D71E86CFE30027D852 /* SportTypeTableViewCell.swift in Sources */ = {isa = PBXBuildFile; fileRef = 889F89D61E86CFE30027D852 /* SportTypeTableViewCell.swift */; };
		88D32FC41E86D228006EEE43 /* SportType.swift in Sources */ = {isa = PBXBuildFile; fileRef = 88D32FC31E86D228006EEE43 /* SportType.swift */; };
		88D32FC71E86D31E006EEE43 /* URLTransform.swift in Sources */ = {isa = PBXBuildFile; fileRef = 88D32FC61E86D31E006EEE43 /* URLTransform.swift */; };
		88D32FCA1E86DE3A006EEE43 /* GamesFeedViewController.storyboard in Resources */ = {isa = PBXBuildFile; fileRef = 88D32FC91E86DE3A006EEE43 /* GamesFeedViewController.storyboard */; };
		88D32FCC1E86E6EB006EEE43 /* GamesFeedViewController.swift in Sources */ = {isa = PBXBuildFile; fileRef = 88D32FCB1E86E6EB006EEE43 /* GamesFeedViewController.swift */; };
		88D32FD11E86FF7F006EEE43 /* CalendarHeaderView.swift in Sources */ = {isa = PBXBuildFile; fileRef = 88D32FD01E86FF7F006EEE43 /* CalendarHeaderView.swift */; };
		88DA46471E841F450061E816 /* DataManager.swift in Sources */ = {isa = PBXBuildFile; fileRef = 88DA46461E841F450061E816 /* DataManager.swift */; };
		88DA46491E841F510061E816 /* APIPath.swift in Sources */ = {isa = PBXBuildFile; fileRef = 88DA46481E841F510061E816 /* APIPath.swift */; };
		88DA464B1E84233E0061E816 /* City.swift in Sources */ = {isa = PBXBuildFile; fileRef = 88DA464A1E84233E0061E816 /* City.swift */; };
		88DA46521E8425960061E816 /* GoButton.swift in Sources */ = {isa = PBXBuildFile; fileRef = 88DA46511E8425960061E816 /* GoButton.swift */; };
		88DA46541E8426230061E816 /* UIColor+SportUpColors.swift in Sources */ = {isa = PBXBuildFile; fileRef = 88DA46531E8426230061E816 /* UIColor+SportUpColors.swift */; };
		88DA46561E842B550061E816 /* DataError.swift in Sources */ = {isa = PBXBuildFile; fileRef = 88DA46551E842B550061E816 /* DataError.swift */; };
		88DA46581E842F0E0061E816 /* OnboardingViewController.swift in Sources */ = {isa = PBXBuildFile; fileRef = 88DA46571E842F0E0061E816 /* OnboardingViewController.swift */; };
		88DA465A1E84326C0061E816 /* OnboardingViewController.storyboard in Resources */ = {isa = PBXBuildFile; fileRef = 88DA46591E84326C0061E816 /* OnboardingViewController.storyboard */; };
		88DA465C1E84350B0061E816 /* UIView+IBDesignable.swift in Sources */ = {isa = PBXBuildFile; fileRef = 88DA465B1E84350B0061E816 /* UIView+IBDesignable.swift */; };
		88DA465F1E843F610061E816 /* CitySelectViewController.storyboard in Resources */ = {isa = PBXBuildFile; fileRef = 88DA465E1E843F610061E816 /* CitySelectViewController.storyboard */; };
		88DA46641E8445550061E816 /* CitySelectViewController.swift in Sources */ = {isa = PBXBuildFile; fileRef = 88DA46631E8445550061E816 /* CitySelectViewController.swift */; };
		88DA46661E851D440061E816 /* UISearchBar+serTextColor.swift in Sources */ = {isa = PBXBuildFile; fileRef = 88DA46651E851D440061E816 /* UISearchBar+serTextColor.swift */; };
		88DE3EAE1E83FD58007FCD76 /* AppDelegate.swift in Sources */ = {isa = PBXBuildFile; fileRef = 88DE3EAD1E83FD58007FCD76 /* AppDelegate.swift */; };
		88DE3EB51E83FD58007FCD76 /* RootViewController.storyboard in Resources */ = {isa = PBXBuildFile; fileRef = 88DE3EB31E83FD58007FCD76 /* RootViewController.storyboard */; };
		88DE3EB71E83FD58007FCD76 /* Assets.xcassets in Resources */ = {isa = PBXBuildFile; fileRef = 88DE3EB61E83FD58007FCD76 /* Assets.xcassets */; };
		88DE3EBA1E83FD58007FCD76 /* LaunchScreen.storyboard in Resources */ = {isa = PBXBuildFile; fileRef = 88DE3EB81E83FD58007FCD76 /* LaunchScreen.storyboard */; };
		88DE3EC31E83FE95007FCD76 /* RootViewController.swift in Sources */ = {isa = PBXBuildFile; fileRef = 88DE3EC21E83FE95007FCD76 /* RootViewController.swift */; };
		88DE3EC51E83FF65007FCD76 /* SportUpNavigationController.swift in Sources */ = {isa = PBXBuildFile; fileRef = 88DE3EC41E83FF65007FCD76 /* SportUpNavigationController.swift */; };
		88DE3EC81E840D93007FCD76 /* UIViewController+storyboardInstance.swift in Sources */ = {isa = PBXBuildFile; fileRef = 88DE3EC71E840D93007FCD76 /* UIViewController+storyboardInstance.swift */; };
		88DE3ECC1E841729007FCD76 /* NetworkManager.swift in Sources */ = {isa = PBXBuildFile; fileRef = 88DE3ECB1E841729007FCD76 /* NetworkManager.swift */; };
/* End PBXBuildFile section */

/* Begin PBXFileReference section */
		1BF8F60203E43D4234BFD890 /* Pods-SportUp.release.xcconfig */ = {isa = PBXFileReference; includeInIndex = 1; lastKnownFileType = text.xcconfig; name = "Pods-SportUp.release.xcconfig"; path = "Pods/Target Support Files/Pods-SportUp/Pods-SportUp.release.xcconfig"; sourceTree = "<group>"; };
		375968041E89275300BA16DB /* SportUp.entitlements */ = {isa = PBXFileReference; lastKnownFileType = text.plist.entitlements; path = SportUp.entitlements; sourceTree = "<group>"; };
		71E8B0240E1394FC209E929C /* Pods_SportUp.framework */ = {isa = PBXFileReference; explicitFileType = wrapper.framework; includeInIndex = 0; path = Pods_SportUp.framework; sourceTree = BUILT_PRODUCTS_DIR; };
		880FFBC21E890A4000E3173E /* CalendarWeekView.swift */ = {isa = PBXFileReference; fileEncoding = 4; lastKnownFileType = sourcecode.swift; path = CalendarWeekView.swift; sourceTree = "<group>"; };
		880FFBC41E890F3C00E3173E /* CalendarDayView.swift */ = {isa = PBXFileReference; fileEncoding = 4; lastKnownFileType = sourcecode.swift; path = CalendarDayView.swift; sourceTree = "<group>"; };
		880FFBC61E8917C400E3173E /* Date+WeekDates.swift */ = {isa = PBXFileReference; fileEncoding = 4; lastKnownFileType = sourcecode.swift; path = "Date+WeekDates.swift"; sourceTree = "<group>"; };
		880FFBC81E8917C400E3173E /* Date+toString.swift */ = {isa = PBXFileReference; fileEncoding = 4; lastKnownFileType = sourcecode.swift; path = "Date+toString.swift"; sourceTree = "<group>"; };
		8853D6981E880D8E00C4759C /* Event.swift */ = {isa = PBXFileReference; fileEncoding = 4; lastKnownFileType = sourcecode.swift; path = Event.swift; sourceTree = "<group>"; };
		8853D69A1E88119600C4759C /* DateTransform.swift */ = {isa = PBXFileReference; fileEncoding = 4; lastKnownFileType = sourcecode.swift; path = DateTransform.swift; sourceTree = "<group>"; };
		8853D69E1E881B5100C4759C /* EventTableViewCell.swift */ = {isa = PBXFileReference; fileEncoding = 4; lastKnownFileType = sourcecode.swift; path = EventTableViewCell.swift; sourceTree = "<group>"; };
		8853D6A01E881EED00C4759C /* Double+currencyString.swift */ = {isa = PBXFileReference; fileEncoding = 4; lastKnownFileType = sourcecode.swift; path = "Double+currencyString.swift"; sourceTree = "<group>"; };
		8853D6A31E88318F00C4759C /* GamesMapViewController.storyboard */ = {isa = PBXFileReference; fileEncoding = 4; lastKnownFileType = file.storyboard; path = GamesMapViewController.storyboard; sourceTree = "<group>"; };
		8853D6A51E88339500C4759C /* GamesMapViewController.swift */ = {isa = PBXFileReference; fileEncoding = 4; lastKnownFileType = sourcecode.swift; path = GamesMapViewController.swift; sourceTree = "<group>"; };
		889F89B31E86AB060027D852 /* MainTabBarController.swift */ = {isa = PBXFileReference; fileEncoding = 4; lastKnownFileType = sourcecode.swift; path = MainTabBarController.swift; sourceTree = "<group>"; };
		889F89BA1E86ABFA0027D852 /* ProfileViewController.storyboard */ = {isa = PBXFileReference; fileEncoding = 4; lastKnownFileType = file.storyboard; path = ProfileViewController.storyboard; sourceTree = "<group>"; };
		889F89BC1E86AC0A0027D852 /* SportTypesViewController.storyboard */ = {isa = PBXFileReference; fileEncoding = 4; lastKnownFileType = file.storyboard; path = SportTypesViewController.storyboard; sourceTree = "<group>"; };
		889F89BE1E86AC180027D852 /* MyGamesViewController.storyboard */ = {isa = PBXFileReference; fileEncoding = 4; lastKnownFileType = file.storyboard; path = MyGamesViewController.storyboard; sourceTree = "<group>"; };
		889F89C01E86B1FE0027D852 /* Profile.swift */ = {isa = PBXFileReference; fileEncoding = 4; lastKnownFileType = sourcecode.swift; path = Profile.swift; sourceTree = "<group>"; };
		889F89C91E86B5090027D852 /* StorageHelper.swift */ = {isa = PBXFileReference; fileEncoding = 4; lastKnownFileType = sourcecode.swift; path = StorageHelper.swift; sourceTree = "<group>"; };
		889F89CB1E86BACD0027D852 /* MyGamesViewController.swift */ = {isa = PBXFileReference; fileEncoding = 4; lastKnownFileType = sourcecode.swift; path = MyGamesViewController.swift; sourceTree = "<group>"; };
		889F89CD1E86BAD80027D852 /* SportTypesViewController.swift */ = {isa = PBXFileReference; fileEncoding = 4; lastKnownFileType = sourcecode.swift; path = SportTypesViewController.swift; sourceTree = "<group>"; };
		889F89CF1E86BAE20027D852 /* ProfileViewController.swift */ = {isa = PBXFileReference; fileEncoding = 4; lastKnownFileType = sourcecode.swift; path = ProfileViewController.swift; sourceTree = "<group>"; };
		889F89D11E86C04A0027D852 /* ProfileManager.swift */ = {isa = PBXFileReference; fileEncoding = 4; lastKnownFileType = sourcecode.swift; path = ProfileManager.swift; sourceTree = "<group>"; };
		889F89D31E86CB400027D852 /* MainTabBarController.storyboard */ = {isa = PBXFileReference; fileEncoding = 4; lastKnownFileType = file.storyboard; path = MainTabBarController.storyboard; sourceTree = "<group>"; };
		889F89D61E86CFE30027D852 /* SportTypeTableViewCell.swift */ = {isa = PBXFileReference; fileEncoding = 4; lastKnownFileType = sourcecode.swift; path = SportTypeTableViewCell.swift; sourceTree = "<group>"; };
		88D32FC31E86D228006EEE43 /* SportType.swift */ = {isa = PBXFileReference; fileEncoding = 4; lastKnownFileType = sourcecode.swift; path = SportType.swift; sourceTree = "<group>"; };
		88D32FC61E86D31E006EEE43 /* URLTransform.swift */ = {isa = PBXFileReference; fileEncoding = 4; lastKnownFileType = sourcecode.swift; path = URLTransform.swift; sourceTree = "<group>"; };
		88D32FC91E86DE3A006EEE43 /* GamesFeedViewController.storyboard */ = {isa = PBXFileReference; fileEncoding = 4; lastKnownFileType = file.storyboard; path = GamesFeedViewController.storyboard; sourceTree = "<group>"; };
		88D32FCB1E86E6EB006EEE43 /* GamesFeedViewController.swift */ = {isa = PBXFileReference; fileEncoding = 4; lastKnownFileType = sourcecode.swift; path = GamesFeedViewController.swift; sourceTree = "<group>"; };
		88D32FD01E86FF7F006EEE43 /* CalendarHeaderView.swift */ = {isa = PBXFileReference; fileEncoding = 4; lastKnownFileType = sourcecode.swift; path = CalendarHeaderView.swift; sourceTree = "<group>"; };
		88DA46461E841F450061E816 /* DataManager.swift */ = {isa = PBXFileReference; fileEncoding = 4; lastKnownFileType = sourcecode.swift; path = DataManager.swift; sourceTree = "<group>"; };
		88DA46481E841F510061E816 /* APIPath.swift */ = {isa = PBXFileReference; fileEncoding = 4; lastKnownFileType = sourcecode.swift; path = APIPath.swift; sourceTree = "<group>"; };
		88DA464A1E84233E0061E816 /* City.swift */ = {isa = PBXFileReference; fileEncoding = 4; lastKnownFileType = sourcecode.swift; path = City.swift; sourceTree = "<group>"; };
		88DA46511E8425960061E816 /* GoButton.swift */ = {isa = PBXFileReference; fileEncoding = 4; lastKnownFileType = sourcecode.swift; path = GoButton.swift; sourceTree = "<group>"; };
		88DA46531E8426230061E816 /* UIColor+SportUpColors.swift */ = {isa = PBXFileReference; fileEncoding = 4; lastKnownFileType = sourcecode.swift; path = "UIColor+SportUpColors.swift"; sourceTree = "<group>"; };
		88DA46551E842B550061E816 /* DataError.swift */ = {isa = PBXFileReference; fileEncoding = 4; lastKnownFileType = sourcecode.swift; path = DataError.swift; sourceTree = "<group>"; };
		88DA46571E842F0E0061E816 /* OnboardingViewController.swift */ = {isa = PBXFileReference; fileEncoding = 4; lastKnownFileType = sourcecode.swift; path = OnboardingViewController.swift; sourceTree = "<group>"; };
		88DA46591E84326C0061E816 /* OnboardingViewController.storyboard */ = {isa = PBXFileReference; fileEncoding = 4; lastKnownFileType = file.storyboard; path = OnboardingViewController.storyboard; sourceTree = "<group>"; };
		88DA465B1E84350B0061E816 /* UIView+IBDesignable.swift */ = {isa = PBXFileReference; fileEncoding = 4; lastKnownFileType = sourcecode.swift; path = "UIView+IBDesignable.swift"; sourceTree = "<group>"; };
		88DA465E1E843F610061E816 /* CitySelectViewController.storyboard */ = {isa = PBXFileReference; fileEncoding = 4; lastKnownFileType = file.storyboard; path = CitySelectViewController.storyboard; sourceTree = "<group>"; };
		88DA46631E8445550061E816 /* CitySelectViewController.swift */ = {isa = PBXFileReference; fileEncoding = 4; lastKnownFileType = sourcecode.swift; path = CitySelectViewController.swift; sourceTree = "<group>"; };
		88DA46651E851D440061E816 /* UISearchBar+serTextColor.swift */ = {isa = PBXFileReference; fileEncoding = 4; lastKnownFileType = sourcecode.swift; path = "UISearchBar+serTextColor.swift"; sourceTree = "<group>"; };
		88DE3EAA1E83FD57007FCD76 /* SportUp.app */ = {isa = PBXFileReference; explicitFileType = wrapper.application; includeInIndex = 0; path = SportUp.app; sourceTree = BUILT_PRODUCTS_DIR; };
		88DE3EAD1E83FD58007FCD76 /* AppDelegate.swift */ = {isa = PBXFileReference; lastKnownFileType = sourcecode.swift; path = AppDelegate.swift; sourceTree = "<group>"; };
		88DE3EB41E83FD58007FCD76 /* Base */ = {isa = PBXFileReference; lastKnownFileType = file.storyboard; name = Base; path = Base.lproj/RootViewController.storyboard; sourceTree = "<group>"; };
		88DE3EB61E83FD58007FCD76 /* Assets.xcassets */ = {isa = PBXFileReference; lastKnownFileType = folder.assetcatalog; path = Assets.xcassets; sourceTree = "<group>"; };
		88DE3EB91E83FD58007FCD76 /* Base */ = {isa = PBXFileReference; lastKnownFileType = file.storyboard; name = Base; path = Base.lproj/LaunchScreen.storyboard; sourceTree = "<group>"; };
		88DE3EBB1E83FD58007FCD76 /* Info.plist */ = {isa = PBXFileReference; lastKnownFileType = text.plist.xml; path = Info.plist; sourceTree = "<group>"; };
		88DE3EC21E83FE95007FCD76 /* RootViewController.swift */ = {isa = PBXFileReference; fileEncoding = 4; lastKnownFileType = sourcecode.swift; path = RootViewController.swift; sourceTree = "<group>"; };
		88DE3EC41E83FF65007FCD76 /* SportUpNavigationController.swift */ = {isa = PBXFileReference; fileEncoding = 4; lastKnownFileType = sourcecode.swift; path = SportUpNavigationController.swift; sourceTree = "<group>"; };
		88DE3EC71E840D93007FCD76 /* UIViewController+storyboardInstance.swift */ = {isa = PBXFileReference; fileEncoding = 4; lastKnownFileType = sourcecode.swift; path = "UIViewController+storyboardInstance.swift"; sourceTree = "<group>"; };
		88DE3ECB1E841729007FCD76 /* NetworkManager.swift */ = {isa = PBXFileReference; fileEncoding = 4; lastKnownFileType = sourcecode.swift; path = NetworkManager.swift; sourceTree = "<group>"; };
		EE2CB25CCC34266F546FC7FE /* Pods-SportUp.debug.xcconfig */ = {isa = PBXFileReference; includeInIndex = 1; lastKnownFileType = text.xcconfig; name = "Pods-SportUp.debug.xcconfig"; path = "Pods/Target Support Files/Pods-SportUp/Pods-SportUp.debug.xcconfig"; sourceTree = "<group>"; };
/* End PBXFileReference section */

/* Begin PBXFrameworksBuildPhase section */
		88DE3EA71E83FD57007FCD76 /* Frameworks */ = {
			isa = PBXFrameworksBuildPhase;
			buildActionMask = 2147483647;
			files = (
				4CB3C514DDEA7EF3D68FBE33 /* Pods_SportUp.framework in Frameworks */,
			);
			runOnlyForDeploymentPostprocessing = 0;
		};
/* End PBXFrameworksBuildPhase section */

/* Begin PBXGroup section */
		5A5C4CB08F2D05EF0BB36726 /* Pods */ = {
			isa = PBXGroup;
			children = (
				EE2CB25CCC34266F546FC7FE /* Pods-SportUp.debug.xcconfig */,
				1BF8F60203E43D4234BFD890 /* Pods-SportUp.release.xcconfig */,
			);
			name = Pods;
			sourceTree = "<group>";
		};
		8853D69C1E881B3600C4759C /* Common */ = {
			isa = PBXGroup;
			children = (
				88D32FCD1E86FEB4006EEE43 /* Calendar */,
			);
			name = Common;
			sourceTree = "<group>";
		};
		8853D69D1E881B4200C4759C /* Views */ = {
			isa = PBXGroup;
			children = (
				8853D69E1E881B5100C4759C /* EventTableViewCell.swift */,
			);
			name = Views;
			sourceTree = "<group>";
		};
		8853D6A21E88317800C4759C /* GamesMap */ = {
			isa = PBXGroup;
			children = (
				8853D6A31E88318F00C4759C /* GamesMapViewController.storyboard */,
				8853D6A51E88339500C4759C /* GamesMapViewController.swift */,
			);
			name = GamesMap;
			sourceTree = "<group>";
		};
		889F89B21E86AAEE0027D852 /* MainTabBar */ = {
			isa = PBXGroup;
			children = (
				889F89B31E86AB060027D852 /* MainTabBarController.swift */,
				889F89D31E86CB400027D852 /* MainTabBarController.storyboard */,
			);
			name = MainTabBar;
			sourceTree = "<group>";
		};
		889F89B71E86ABA40027D852 /* Profile */ = {
			isa = PBXGroup;
			children = (
				889F89BA1E86ABFA0027D852 /* ProfileViewController.storyboard */,
				889F89CF1E86BAE20027D852 /* ProfileViewController.swift */,
			);
			name = Profile;
			sourceTree = "<group>";
		};
		889F89B81E86ABB70027D852 /* SportTypes */ = {
			isa = PBXGroup;
			children = (
				889F89D51E86CFCC0027D852 /* Views */,
				889F89BC1E86AC0A0027D852 /* SportTypesViewController.storyboard */,
				889F89CD1E86BAD80027D852 /* SportTypesViewController.swift */,
			);
			name = SportTypes;
			sourceTree = "<group>";
		};
		889F89B91E86ABE30027D852 /* MyGames */ = {
			isa = PBXGroup;
			children = (
				889F89BE1E86AC180027D852 /* MyGamesViewController.storyboard */,
				889F89CB1E86BACD0027D852 /* MyGamesViewController.swift */,
			);
			name = MyGames;
			sourceTree = "<group>";
		};
		889F89C41E86B2EF0027D852 /* NetworkManager */ = {
			isa = PBXGroup;
			children = (
				88DA46481E841F510061E816 /* APIPath.swift */,
				88DA46551E842B550061E816 /* DataError.swift */,
				88DE3ECB1E841729007FCD76 /* NetworkManager.swift */,
			);
			name = NetworkManager;
			sourceTree = "<group>";
		};
		889F89C81E86B4F70027D852 /* Util */ = {
			isa = PBXGroup;
			children = (
				889F89C91E86B5090027D852 /* StorageHelper.swift */,
			);
			name = Util;
			sourceTree = "<group>";
		};
		889F89D51E86CFCC0027D852 /* Views */ = {
			isa = PBXGroup;
			children = (
				889F89D61E86CFE30027D852 /* SportTypeTableViewCell.swift */,
			);
			name = Views;
			sourceTree = "<group>";
		};
		88D32FC51E86D311006EEE43 /* Common */ = {
			isa = PBXGroup;
			children = (
				88D32FC61E86D31E006EEE43 /* URLTransform.swift */,
				8853D69A1E88119600C4759C /* DateTransform.swift */,
			);
			name = Common;
			sourceTree = "<group>";
		};
		88D32FC81E86DE0F006EEE43 /* GamesFeed */ = {
			isa = PBXGroup;
			children = (
				8853D69D1E881B4200C4759C /* Views */,
				88D32FC91E86DE3A006EEE43 /* GamesFeedViewController.storyboard */,
				88D32FCB1E86E6EB006EEE43 /* GamesFeedViewController.swift */,
			);
			name = GamesFeed;
			sourceTree = "<group>";
		};
		88D32FCD1E86FEB4006EEE43 /* Calendar */ = {
			isa = PBXGroup;
			children = (
				88D32FD01E86FF7F006EEE43 /* CalendarHeaderView.swift */,
				880FFBC21E890A4000E3173E /* CalendarWeekView.swift */,
				880FFBC41E890F3C00E3173E /* CalendarDayView.swift */,
			);
			name = Calendar;
			sourceTree = "<group>";
		};
		88DA46451E841D1F0061E816 /* Model */ = {
			isa = PBXGroup;
			children = (
				88D32FC51E86D311006EEE43 /* Common */,
				88DA464A1E84233E0061E816 /* City.swift */,
				889F89C01E86B1FE0027D852 /* Profile.swift */,
				88D32FC31E86D228006EEE43 /* SportType.swift */,
				8853D6981E880D8E00C4759C /* Event.swift */,
			);
			name = Model;
			sourceTree = "<group>";
		};
		88DA464C1E84236B0061E816 /* Onboarding */ = {
			isa = PBXGroup;
			children = (
				88DA46571E842F0E0061E816 /* OnboardingViewController.swift */,
				88DA46591E84326C0061E816 /* OnboardingViewController.storyboard */,
			);
			name = Onboarding;
			sourceTree = "<group>";
		};
		88DA464F1E8425860061E816 /* Common */ = {
			isa = PBXGroup;
			children = (
				88DA46501E84258B0061E816 /* Views */,
			);
			name = Common;
			sourceTree = "<group>";
		};
		88DA46501E84258B0061E816 /* Views */ = {
			isa = PBXGroup;
			children = (
				88DA46511E8425960061E816 /* GoButton.swift */,
			);
			name = Views;
			sourceTree = "<group>";
		};
		88DA465D1E843F480061E816 /* CitySelect */ = {
			isa = PBXGroup;
			children = (
				88DA465E1E843F610061E816 /* CitySelectViewController.storyboard */,
				88DA46631E8445550061E816 /* CitySelectViewController.swift */,
			);
			name = CitySelect;
			sourceTree = "<group>";
		};
		88DE3EA11E83FD57007FCD76 = {
			isa = PBXGroup;
			children = (
				88DE3EAC1E83FD58007FCD76 /* SportUp */,
				88DE3EAB1E83FD57007FCD76 /* Products */,
				5A5C4CB08F2D05EF0BB36726 /* Pods */,
				E8957243B53FC4F88C2079D7 /* Frameworks */,
			);
			sourceTree = "<group>";
		};
		88DE3EAB1E83FD57007FCD76 /* Products */ = {
			isa = PBXGroup;
			children = (
				88DE3EAA1E83FD57007FCD76 /* SportUp.app */,
			);
			name = Products;
			sourceTree = "<group>";
		};
		88DE3EAC1E83FD58007FCD76 /* SportUp */ = {
			isa = PBXGroup;
			children = (
				375968041E89275300BA16DB /* SportUp.entitlements */,
				889F89C81E86B4F70027D852 /* Util */,
				88DE3ECA1E841357007FCD76 /* Data */,
				88DE3EC61E840CF1007FCD76 /* Extensions */,
				88DE3EC11E83FDBB007FCD76 /* UI */,
				88DE3EAD1E83FD58007FCD76 /* AppDelegate.swift */,
				88DE3EB81E83FD58007FCD76 /* LaunchScreen.storyboard */,
				88DE3EB61E83FD58007FCD76 /* Assets.xcassets */,
				88DE3EBB1E83FD58007FCD76 /* Info.plist */,
			);
			path = SportUp;
			sourceTree = "<group>";
		};
		88DE3EC11E83FDBB007FCD76 /* UI */ = {
			isa = PBXGroup;
			children = (
				8853D6A21E88317800C4759C /* GamesMap */,
				8853D69C1E881B3600C4759C /* Common */,
				88D32FC81E86DE0F006EEE43 /* GamesFeed */,
				889F89B91E86ABE30027D852 /* MyGames */,
				889F89B81E86ABB70027D852 /* SportTypes */,
				889F89B71E86ABA40027D852 /* Profile */,
				889F89B21E86AAEE0027D852 /* MainTabBar */,
				88DA465D1E843F480061E816 /* CitySelect */,
				88DA464F1E8425860061E816 /* Common */,
				88DA464C1E84236B0061E816 /* Onboarding */,
				88DE3EC91E840DAA007FCD76 /* Root */,
				88DE3EC41E83FF65007FCD76 /* SportUpNavigationController.swift */,
			);
			name = UI;
			sourceTree = "<group>";
		};
		88DE3EC61E840CF1007FCD76 /* Extensions */ = {
			isa = PBXGroup;
			children = (
				88DA46531E8426230061E816 /* UIColor+SportUpColors.swift */,
				88DE3EC71E840D93007FCD76 /* UIViewController+storyboardInstance.swift */,
				88DA465B1E84350B0061E816 /* UIView+IBDesignable.swift */,
				88DA46651E851D440061E816 /* UISearchBar+serTextColor.swift */,
				880FFBC61E8917C400E3173E /* Date+WeekDates.swift */,
				880FFBC81E8917C400E3173E /* Date+toString.swift */,
				8853D6A01E881EED00C4759C /* Double+currencyString.swift */,
			);
			name = Extensions;
			sourceTree = "<group>";
		};
		88DE3EC91E840DAA007FCD76 /* Root */ = {
			isa = PBXGroup;
			children = (
				88DE3EB31E83FD58007FCD76 /* RootViewController.storyboard */,
				88DE3EC21E83FE95007FCD76 /* RootViewController.swift */,
			);
			name = Root;
			sourceTree = "<group>";
		};
		88DE3ECA1E841357007FCD76 /* Data */ = {
			isa = PBXGroup;
			children = (
				889F89C41E86B2EF0027D852 /* NetworkManager */,
				88DA46451E841D1F0061E816 /* Model */,
				88DA46461E841F450061E816 /* DataManager.swift */,
				889F89D11E86C04A0027D852 /* ProfileManager.swift */,
			);
			name = Data;
			sourceTree = "<group>";
		};
		E8957243B53FC4F88C2079D7 /* Frameworks */ = {
			isa = PBXGroup;
			children = (
				71E8B0240E1394FC209E929C /* Pods_SportUp.framework */,
			);
			name = Frameworks;
			sourceTree = "<group>";
		};
/* End PBXGroup section */

/* Begin PBXNativeTarget section */
		88DE3EA91E83FD57007FCD76 /* SportUp */ = {
			isa = PBXNativeTarget;
			buildConfigurationList = 88DE3EBE1E83FD58007FCD76 /* Build configuration list for PBXNativeTarget "SportUp" */;
			buildPhases = (
				0797EC7CA2C57CCCCC62004D /* [CP] Check Pods Manifest.lock */,
				88DE3EA61E83FD57007FCD76 /* Sources */,
				88DE3EA71E83FD57007FCD76 /* Frameworks */,
				88DE3EA81E83FD57007FCD76 /* Resources */,
				3EB2049DE2C6D37BD2323ECA /* [CP] Embed Pods Frameworks */,
				AB82A414AC0A236ACD25A7F5 /* [CP] Copy Pods Resources */,
				37804C981E896EA800904365 /* ShellScript */,
			);
			buildRules = (
			);
			dependencies = (
			);
			name = SportUp;
			productName = SportUp;
			productReference = 88DE3EAA1E83FD57007FCD76 /* SportUp.app */;
			productType = "com.apple.product-type.application";
		};
/* End PBXNativeTarget section */

/* Begin PBXProject section */
		88DE3EA21E83FD57007FCD76 /* Project object */ = {
			isa = PBXProject;
			attributes = {
				LastSwiftUpdateCheck = 0820;
				LastUpgradeCheck = 0820;
				ORGANIZATIONNAME = BinaryBlitz;
				TargetAttributes = {
					88DE3EA91E83FD57007FCD76 = {
						CreatedOnToolsVersion = 8.2;
						DevelopmentTeam = 4WGG8V34K4;
						ProvisioningStyle = Manual;
						SystemCapabilities = {
							com.apple.BackgroundModes = {
								enabled = 0;
							};
							com.apple.Push = {
								enabled = 1;
							};
						};
					};
				};
			};
			buildConfigurationList = 88DE3EA51E83FD57007FCD76 /* Build configuration list for PBXProject "SportUp" */;
			compatibilityVersion = "Xcode 3.2";
			developmentRegion = English;
			hasScannedForEncodings = 0;
			knownRegions = (
				en,
				Base,
			);
			mainGroup = 88DE3EA11E83FD57007FCD76;
			productRefGroup = 88DE3EAB1E83FD57007FCD76 /* Products */;
			projectDirPath = "";
			projectRoot = "";
			targets = (
				88DE3EA91E83FD57007FCD76 /* SportUp */,
			);
		};
/* End PBXProject section */

/* Begin PBXResourcesBuildPhase section */
		88DE3EA81E83FD57007FCD76 /* Resources */ = {
			isa = PBXResourcesBuildPhase;
			buildActionMask = 2147483647;
			files = (
				889F89D41E86CB400027D852 /* MainTabBarController.storyboard in Resources */,
				88DA465A1E84326C0061E816 /* OnboardingViewController.storyboard in Resources */,
				8853D6A41E88318F00C4759C /* GamesMapViewController.storyboard in Resources */,
				889F89BB1E86ABFA0027D852 /* ProfileViewController.storyboard in Resources */,
				88DE3EBA1E83FD58007FCD76 /* LaunchScreen.storyboard in Resources */,
				88DE3EB71E83FD58007FCD76 /* Assets.xcassets in Resources */,
				88D32FCA1E86DE3A006EEE43 /* GamesFeedViewController.storyboard in Resources */,
				88DE3EB51E83FD58007FCD76 /* RootViewController.storyboard in Resources */,
				88DA465F1E843F610061E816 /* CitySelectViewController.storyboard in Resources */,
				889F89BD1E86AC0A0027D852 /* SportTypesViewController.storyboard in Resources */,
				889F89BF1E86AC180027D852 /* MyGamesViewController.storyboard in Resources */,
			);
			runOnlyForDeploymentPostprocessing = 0;
		};
/* End PBXResourcesBuildPhase section */

/* Begin PBXShellScriptBuildPhase section */
		0797EC7CA2C57CCCCC62004D /* [CP] Check Pods Manifest.lock */ = {
			isa = PBXShellScriptBuildPhase;
			buildActionMask = 2147483647;
			files = (
			);
			inputPaths = (
			);
			name = "[CP] Check Pods Manifest.lock";
			outputPaths = (
			);
			runOnlyForDeploymentPostprocessing = 0;
			shellPath = /bin/sh;
			shellScript = "diff \"${PODS_ROOT}/../Podfile.lock\" \"${PODS_ROOT}/Manifest.lock\" > /dev/null\nif [ $? != 0 ] ; then\n    # print error to STDERR\n    echo \"error: The sandbox is not in sync with the Podfile.lock. Run 'pod install' or update your CocoaPods installation.\" >&2\n    exit 1\nfi\n";
			showEnvVarsInLog = 0;
		};
		37804C981E896EA800904365 /* ShellScript */ = {
			isa = PBXShellScriptBuildPhase;
			buildActionMask = 2147483647;
			files = (
			);
			inputPaths = (
			);
			outputPaths = (
			);
			runOnlyForDeploymentPostprocessing = 0;
			shellPath = /bin/sh;
			shellScript = "\"${PODS_ROOT}/Fabric/run\" 886de8c1d524dbaa9dfdbd457b8c8469ecafdfd4 fe43661af277625de578631f794d9557e38adacd6b02682d23b328918ca7fbf6";
		};
		3EB2049DE2C6D37BD2323ECA /* [CP] Embed Pods Frameworks */ = {
			isa = PBXShellScriptBuildPhase;
			buildActionMask = 2147483647;
			files = (
			);
			inputPaths = (
			);
			name = "[CP] Embed Pods Frameworks";
			outputPaths = (
			);
			runOnlyForDeploymentPostprocessing = 0;
			shellPath = /bin/sh;
			shellScript = "\"${SRCROOT}/Pods/Target Support Files/Pods-SportUp/Pods-SportUp-frameworks.sh\"\n";
			showEnvVarsInLog = 0;
		};
		AB82A414AC0A236ACD25A7F5 /* [CP] Copy Pods Resources */ = {
			isa = PBXShellScriptBuildPhase;
			buildActionMask = 2147483647;
			files = (
			);
			inputPaths = (
			);
			name = "[CP] Copy Pods Resources";
			outputPaths = (
			);
			runOnlyForDeploymentPostprocessing = 0;
			shellPath = /bin/sh;
			shellScript = "\"${SRCROOT}/Pods/Target Support Files/Pods-SportUp/Pods-SportUp-resources.sh\"\n";
			showEnvVarsInLog = 0;
		};
/* End PBXShellScriptBuildPhase section */

/* Begin PBXSourcesBuildPhase section */
		88DE3EA61E83FD57007FCD76 /* Sources */ = {
			isa = PBXSourcesBuildPhase;
			buildActionMask = 2147483647;
			files = (
				889F89C11E86B1FE0027D852 /* Profile.swift in Sources */,
				8853D6A11E881EED00C4759C /* Double+currencyString.swift in Sources */,
				880FFBC91E8917C400E3173E /* Date+toString.swift in Sources */,
				88DE3EC51E83FF65007FCD76 /* SportUpNavigationController.swift in Sources */,
				880FFBC31E890A4000E3173E /* CalendarWeekView.swift in Sources */,
				889F89D71E86CFE30027D852 /* SportTypeTableViewCell.swift in Sources */,
				88DA46541E8426230061E816 /* UIColor+SportUpColors.swift in Sources */,
				889F89D21E86C04A0027D852 /* ProfileManager.swift in Sources */,
				88DA46471E841F450061E816 /* DataManager.swift in Sources */,
				8853D6991E880D8E00C4759C /* Event.swift in Sources */,
				88DA46581E842F0E0061E816 /* OnboardingViewController.swift in Sources */,
				88DE3EC31E83FE95007FCD76 /* RootViewController.swift in Sources */,
				88D32FCC1E86E6EB006EEE43 /* GamesFeedViewController.swift in Sources */,
				88DE3ECC1E841729007FCD76 /* NetworkManager.swift in Sources */,
				88DA46521E8425960061E816 /* GoButton.swift in Sources */,
				880FFBC51E890F3C00E3173E /* CalendarDayView.swift in Sources */,
				88DA46641E8445550061E816 /* CitySelectViewController.swift in Sources */,
				88DA46491E841F510061E816 /* APIPath.swift in Sources */,
				8853D69B1E88119600C4759C /* DateTransform.swift in Sources */,
				88D32FC41E86D228006EEE43 /* SportType.swift in Sources */,
				889F89B41E86AB060027D852 /* MainTabBarController.swift in Sources */,
				8853D6A61E88339500C4759C /* GamesMapViewController.swift in Sources */,
				889F89CA1E86B5090027D852 /* StorageHelper.swift in Sources */,
				88D32FC71E86D31E006EEE43 /* URLTransform.swift in Sources */,
				88DE3EC81E840D93007FCD76 /* UIViewController+storyboardInstance.swift in Sources */,
				88DA465C1E84350B0061E816 /* UIView+IBDesignable.swift in Sources */,
				889F89CE1E86BAD80027D852 /* SportTypesViewController.swift in Sources */,
				889F89CC1E86BACD0027D852 /* MyGamesViewController.swift in Sources */,
				880FFBC71E8917C400E3173E /* Date+WeekDates.swift in Sources */,
				88DA46561E842B550061E816 /* DataError.swift in Sources */,
				8853D69F1E881B5100C4759C /* EventTableViewCell.swift in Sources */,
				88DA464B1E84233E0061E816 /* City.swift in Sources */,
				889F89D01E86BAE20027D852 /* ProfileViewController.swift in Sources */,
				88DE3EAE1E83FD58007FCD76 /* AppDelegate.swift in Sources */,
				88D32FD11E86FF7F006EEE43 /* CalendarHeaderView.swift in Sources */,
				88DA46661E851D440061E816 /* UISearchBar+serTextColor.swift in Sources */,
			);
			runOnlyForDeploymentPostprocessing = 0;
		};
/* End PBXSourcesBuildPhase section */

/* Begin PBXVariantGroup section */
		88DE3EB31E83FD58007FCD76 /* RootViewController.storyboard */ = {
			isa = PBXVariantGroup;
			children = (
				88DE3EB41E83FD58007FCD76 /* Base */,
			);
			name = RootViewController.storyboard;
			sourceTree = "<group>";
		};
		88DE3EB81E83FD58007FCD76 /* LaunchScreen.storyboard */ = {
			isa = PBXVariantGroup;
			children = (
				88DE3EB91E83FD58007FCD76 /* Base */,
			);
			name = LaunchScreen.storyboard;
			sourceTree = "<group>";
		};
/* End PBXVariantGroup section */

/* Begin XCBuildConfiguration section */
		88DE3EBC1E83FD58007FCD76 /* Debug */ = {
			isa = XCBuildConfiguration;
			buildSettings = {
				ALWAYS_SEARCH_USER_PATHS = NO;
				CLANG_ANALYZER_NONNULL = YES;
				CLANG_CXX_LANGUAGE_STANDARD = "gnu++0x";
				CLANG_CXX_LIBRARY = "libc++";
				CLANG_ENABLE_MODULES = YES;
				CLANG_ENABLE_OBJC_ARC = YES;
				CLANG_WARN_BOOL_CONVERSION = YES;
				CLANG_WARN_CONSTANT_CONVERSION = YES;
				CLANG_WARN_DIRECT_OBJC_ISA_USAGE = YES_ERROR;
				CLANG_WARN_DOCUMENTATION_COMMENTS = YES;
				CLANG_WARN_EMPTY_BODY = YES;
				CLANG_WARN_ENUM_CONVERSION = YES;
				CLANG_WARN_INFINITE_RECURSION = YES;
				CLANG_WARN_INT_CONVERSION = YES;
				CLANG_WARN_OBJC_ROOT_CLASS = YES_ERROR;
				CLANG_WARN_SUSPICIOUS_MOVE = YES;
				CLANG_WARN_UNREACHABLE_CODE = YES;
				CLANG_WARN__DUPLICATE_METHOD_MATCH = YES;
				"CODE_SIGN_IDENTITY[sdk=iphoneos*]" = "iPhone Developer";
				COPY_PHASE_STRIP = NO;
				DEBUG_INFORMATION_FORMAT = dwarf;
				ENABLE_STRICT_OBJC_MSGSEND = YES;
				ENABLE_TESTABILITY = YES;
				GCC_C_LANGUAGE_STANDARD = gnu99;
				GCC_DYNAMIC_NO_PIC = NO;
				GCC_NO_COMMON_BLOCKS = YES;
				GCC_OPTIMIZATION_LEVEL = 0;
				GCC_PREPROCESSOR_DEFINITIONS = (
					"DEBUG=1",
					"$(inherited)",
				);
				GCC_WARN_64_TO_32_BIT_CONVERSION = YES;
				GCC_WARN_ABOUT_RETURN_TYPE = YES_ERROR;
				GCC_WARN_UNDECLARED_SELECTOR = YES;
				GCC_WARN_UNINITIALIZED_AUTOS = YES_AGGRESSIVE;
				GCC_WARN_UNUSED_FUNCTION = YES;
				GCC_WARN_UNUSED_VARIABLE = YES;
				IPHONEOS_DEPLOYMENT_TARGET = 10.2;
				MTL_ENABLE_DEBUG_INFO = YES;
				ONLY_ACTIVE_ARCH = YES;
				SDKROOT = iphoneos;
				SWIFT_ACTIVE_COMPILATION_CONDITIONS = DEBUG;
				SWIFT_OPTIMIZATION_LEVEL = "-Onone";
				TARGETED_DEVICE_FAMILY = "1,2";
			};
			name = Debug;
		};
		88DE3EBD1E83FD58007FCD76 /* Release */ = {
			isa = XCBuildConfiguration;
			buildSettings = {
				ALWAYS_SEARCH_USER_PATHS = NO;
				CLANG_ANALYZER_NONNULL = YES;
				CLANG_CXX_LANGUAGE_STANDARD = "gnu++0x";
				CLANG_CXX_LIBRARY = "libc++";
				CLANG_ENABLE_MODULES = YES;
				CLANG_ENABLE_OBJC_ARC = YES;
				CLANG_WARN_BOOL_CONVERSION = YES;
				CLANG_WARN_CONSTANT_CONVERSION = YES;
				CLANG_WARN_DIRECT_OBJC_ISA_USAGE = YES_ERROR;
				CLANG_WARN_DOCUMENTATION_COMMENTS = YES;
				CLANG_WARN_EMPTY_BODY = YES;
				CLANG_WARN_ENUM_CONVERSION = YES;
				CLANG_WARN_INFINITE_RECURSION = YES;
				CLANG_WARN_INT_CONVERSION = YES;
				CLANG_WARN_OBJC_ROOT_CLASS = YES_ERROR;
				CLANG_WARN_SUSPICIOUS_MOVE = YES;
				CLANG_WARN_UNREACHABLE_CODE = YES;
				CLANG_WARN__DUPLICATE_METHOD_MATCH = YES;
				"CODE_SIGN_IDENTITY[sdk=iphoneos*]" = "iPhone Developer";
				COPY_PHASE_STRIP = NO;
				DEBUG_INFORMATION_FORMAT = "dwarf-with-dsym";
				ENABLE_NS_ASSERTIONS = NO;
				ENABLE_STRICT_OBJC_MSGSEND = YES;
				GCC_C_LANGUAGE_STANDARD = gnu99;
				GCC_NO_COMMON_BLOCKS = YES;
				GCC_WARN_64_TO_32_BIT_CONVERSION = YES;
				GCC_WARN_ABOUT_RETURN_TYPE = YES_ERROR;
				GCC_WARN_UNDECLARED_SELECTOR = YES;
				GCC_WARN_UNINITIALIZED_AUTOS = YES_AGGRESSIVE;
				GCC_WARN_UNUSED_FUNCTION = YES;
				GCC_WARN_UNUSED_VARIABLE = YES;
				IPHONEOS_DEPLOYMENT_TARGET = 10.2;
				MTL_ENABLE_DEBUG_INFO = NO;
				SDKROOT = iphoneos;
				SWIFT_OPTIMIZATION_LEVEL = "-Owholemodule";
				TARGETED_DEVICE_FAMILY = "1,2";
				VALIDATE_PRODUCT = YES;
			};
			name = Release;
		};
		88DE3EBF1E83FD58007FCD76 /* Debug */ = {
			isa = XCBuildConfiguration;
			baseConfigurationReference = EE2CB25CCC34266F546FC7FE /* Pods-SportUp.debug.xcconfig */;
			buildSettings = {
				ASSETCATALOG_COMPILER_APPICON_NAME = AppIcon;
				CODE_SIGN_ENTITLEMENTS = SportUp/SportUp.entitlements;
				CODE_SIGN_IDENTITY = "iPhone Developer: Gapbaev Boris (NP6L3K9A4S)";
				"CODE_SIGN_IDENTITY[sdk=iphoneos*]" = "iPhone Developer: Gapbaev Boris (NP6L3K9A4S)";
				CURRENT_PROJECT_VERSION = 2;
				DEVELOPMENT_TEAM = 4WGG8V34K4;
				INFOPLIST_FILE = SportUp/Info.plist;
				LD_RUNPATH_SEARCH_PATHS = "$(inherited) @executable_path/Frameworks";
				PRODUCT_BUNDLE_IDENTIFIER = io.sportup.SportUp;
				PRODUCT_NAME = "$(TARGET_NAME)";
				PROVISIONING_PROFILE = "3f749199-f850-44ac-bffa-7e0ed504e2da";
				PROVISIONING_PROFILE_SPECIFIER = "match Development io.sportup.SportUp";
				SWIFT_VERSION = 3.0;
				VERSIONING_SYSTEM = "apple-generic";
			};
			name = Debug;
		};
		88DE3EC01E83FD58007FCD76 /* Release */ = {
			isa = XCBuildConfiguration;
			baseConfigurationReference = 1BF8F60203E43D4234BFD890 /* Pods-SportUp.release.xcconfig */;
			buildSettings = {
				ASSETCATALOG_COMPILER_APPICON_NAME = AppIcon;
				CODE_SIGN_ENTITLEMENTS = SportUp/SportUp.entitlements;
				CODE_SIGN_IDENTITY = "iPhone Distribution: Binary Blitz OOO (4WGG8V34K4)";
				"CODE_SIGN_IDENTITY[sdk=iphoneos*]" = "iPhone Distribution: Binary Blitz OOO (4WGG8V34K4)";
				CURRENT_PROJECT_VERSION = 2;
				DEVELOPMENT_TEAM = 4WGG8V34K4;
				INFOPLIST_FILE = SportUp/Info.plist;
				LD_RUNPATH_SEARCH_PATHS = "$(inherited) @executable_path/Frameworks";
				PRODUCT_BUNDLE_IDENTIFIER = io.sportup.SportUp;
				PRODUCT_NAME = "$(TARGET_NAME)";
				PROVISIONING_PROFILE = "b2631f08-b732-4a9a-8d0a-ef7f90ef1403";
				PROVISIONING_PROFILE_SPECIFIER = "match AppStore io.sportup.SportUp";
				SWIFT_VERSION = 3.0;
				VERSIONING_SYSTEM = "apple-generic";
			};
			name = Release;
		};
/* End XCBuildConfiguration section */

/* Begin XCConfigurationList section */
		88DE3EA51E83FD57007FCD76 /* Build configuration list for PBXProject "SportUp" */ = {
			isa = XCConfigurationList;
			buildConfigurations = (
				88DE3EBC1E83FD58007FCD76 /* Debug */,
				88DE3EBD1E83FD58007FCD76 /* Release */,
			);
			defaultConfigurationIsVisible = 0;
			defaultConfigurationName = Release;
		};
		88DE3EBE1E83FD58007FCD76 /* Build configuration list for PBXNativeTarget "SportUp" */ = {
			isa = XCConfigurationList;
			buildConfigurations = (
				88DE3EBF1E83FD58007FCD76 /* Debug */,
				88DE3EC01E83FD58007FCD76 /* Release */,
			);
			defaultConfigurationIsVisible = 0;
			defaultConfigurationName = Release;
		};
/* End XCConfigurationList section */
	};
	rootObject = 88DE3EA21E83FD57007FCD76 /* Project object */;
}
