// !$*UTF8*$!
{
	archiveVersion = 1;
	classes = {
	};
	objectVersion = 46;
	objects = {

/* Begin PBXBuildFile section */
		88DE3EAE1E83FD58007FCD76 /* AppDelegate.swift in Sources */ = {isa = PBXBuildFile; fileRef = 88DE3EAD1E83FD58007FCD76 /* AppDelegate.swift */; };
		88DE3EB01E83FD58007FCD76 /* FirstViewController.swift in Sources */ = {isa = PBXBuildFile; fileRef = 88DE3EAF1E83FD58007FCD76 /* FirstViewController.swift */; };
		88DE3EB21E83FD58007FCD76 /* SecondViewController.swift in Sources */ = {isa = PBXBuildFile; fileRef = 88DE3EB11E83FD58007FCD76 /* SecondViewController.swift */; };
		88DE3EB51E83FD58007FCD76 /* Main.storyboard in Resources */ = {isa = PBXBuildFile; fileRef = 88DE3EB31E83FD58007FCD76 /* Main.storyboard */; };
		88DE3EB71E83FD58007FCD76 /* Assets.xcassets in Resources */ = {isa = PBXBuildFile; fileRef = 88DE3EB61E83FD58007FCD76 /* Assets.xcassets */; };
		88DE3EBA1E83FD58007FCD76 /* LaunchScreen.storyboard in Resources */ = {isa = PBXBuildFile; fileRef = 88DE3EB81E83FD58007FCD76 /* LaunchScreen.storyboard */; };
/* End PBXBuildFile section */

/* Begin PBXFileReference section */
		88DE3EAA1E83FD57007FCD76 /* SportUp.app */ = {isa = PBXFileReference; explicitFileType = wrapper.application; includeInIndex = 0; path = SportUp.app; sourceTree = BUILT_PRODUCTS_DIR; };
		88DE3EAD1E83FD58007FCD76 /* AppDelegate.swift */ = {isa = PBXFileReference; lastKnownFileType = sourcecode.swift; path = AppDelegate.swift; sourceTree = "<group>"; };
		88DE3EAF1E83FD58007FCD76 /* FirstViewController.swift */ = {isa = PBXFileReference; lastKnownFileType = sourcecode.swift; path = FirstViewController.swift; sourceTree = "<group>"; };
		88DE3EB11E83FD58007FCD76 /* SecondViewController.swift */ = {isa = PBXFileReference; lastKnownFileType = sourcecode.swift; path = SecondViewController.swift; sourceTree = "<group>"; };
		88DE3EB41E83FD58007FCD76 /* Base */ = {isa = PBXFileReference; lastKnownFileType = file.storyboard; name = Base; path = Base.lproj/Main.storyboard; sourceTree = "<group>"; };
		88DE3EB61E83FD58007FCD76 /* Assets.xcassets */ = {isa = PBXFileReference; lastKnownFileType = folder.assetcatalog; path = Assets.xcassets; sourceTree = "<group>"; };
		88DE3EB91E83FD58007FCD76 /* Base */ = {isa = PBXFileReference; lastKnownFileType = file.storyboard; name = Base; path = Base.lproj/LaunchScreen.storyboard; sourceTree = "<group>"; };
		88DE3EBB1E83FD58007FCD76 /* Info.plist */ = {isa = PBXFileReference; lastKnownFileType = text.plist.xml; path = Info.plist; sourceTree = "<group>"; };
/* End PBXFileReference section */

/* Begin PBXFrameworksBuildPhase section */
		88DE3EA71E83FD57007FCD76 /* Frameworks */ = {
			isa = PBXFrameworksBuildPhase;
			buildActionMask = 2147483647;
			files = (
			);
			runOnlyForDeploymentPostprocessing = 0;
		};
/* End PBXFrameworksBuildPhase section */

/* Begin PBXGroup section */
		88DE3EA11E83FD57007FCD76 = {
			isa = PBXGroup;
			children = (
				88DE3EAC1E83FD58007FCD76 /* SportUp */,
				88DE3EAB1E83FD57007FCD76 /* Products */,
			);
			sourceTree = "<group>";
		};
		88DE3EAB1E83FD57007FCD76 /* Products */ = {
			isa = PBXGroup;
			children = (
				88DE3EAA1E83FD57007FCD76 /* SportUp.app */,
			);
			name = Products;
			sourceTree = "<group>";
		};
		88DE3EAC1E83FD58007FCD76 /* SportUp */ = {
			isa = PBXGroup;
			children = (
				88DE3EAD1E83FD58007FCD76 /* AppDelegate.swift */,
				88DE3EAF1E83FD58007FCD76 /* FirstViewController.swift */,
				88DE3EB11E83FD58007FCD76 /* SecondViewController.swift */,
				88DE3EB31E83FD58007FCD76 /* Main.storyboard */,
				88DE3EB61E83FD58007FCD76 /* Assets.xcassets */,
				88DE3EB81E83FD58007FCD76 /* LaunchScreen.storyboard */,
				88DE3EBB1E83FD58007FCD76 /* Info.plist */,
			);
			path = SportUp;
			sourceTree = "<group>";
		};
/* End PBXGroup section */

/* Begin PBXNativeTarget section */
		88DE3EA91E83FD57007FCD76 /* SportUp */ = {
			isa = PBXNativeTarget;
			buildConfigurationList = 88DE3EBE1E83FD58007FCD76 /* Build configuration list for PBXNativeTarget "SportUp" */;
			buildPhases = (
				88DE3EA61E83FD57007FCD76 /* Sources */,
				88DE3EA71E83FD57007FCD76 /* Frameworks */,
				88DE3EA81E83FD57007FCD76 /* Resources */,
			);
			buildRules = (
			);
			dependencies = (
			);
			name = SportUp;
			productName = SportUp;
			productReference = 88DE3EAA1E83FD57007FCD76 /* SportUp.app */;
			productType = "com.apple.product-type.application";
		};
/* End PBXNativeTarget section */

/* Begin PBXProject section */
		88DE3EA21E83FD57007FCD76 /* Project object */ = {
			isa = PBXProject;
			attributes = {
				LastSwiftUpdateCheck = 0820;
				LastUpgradeCheck = 0820;
				ORGANIZATIONNAME = binaryblitz;
				TargetAttributes = {
					88DE3EA91E83FD57007FCD76 = {
						CreatedOnToolsVersion = 8.2;
						DevelopmentTeam = 4WGG8V34K4;
						ProvisioningStyle = Automatic;
					};
				};
			};
			buildConfigurationList = 88DE3EA51E83FD57007FCD76 /* Build configuration list for PBXProject "SportUp" */;
			compatibilityVersion = "Xcode 3.2";
			developmentRegion = English;
			hasScannedForEncodings = 0;
			knownRegions = (
				en,
				Base,
			);
			mainGroup = 88DE3EA11E83FD57007FCD76;
			productRefGroup = 88DE3EAB1E83FD57007FCD76 /* Products */;
			projectDirPath = "";
			projectRoot = "";
			targets = (
				88DE3EA91E83FD57007FCD76 /* SportUp */,
			);
		};
/* End PBXProject section */

/* Begin PBXResourcesBuildPhase section */
		88DE3EA81E83FD57007FCD76 /* Resources */ = {
			isa = PBXResourcesBuildPhase;
			buildActionMask = 2147483647;
			files = (
				88DE3EBA1E83FD58007FCD76 /* LaunchScreen.storyboard in Resources */,
				88DE3EB71E83FD58007FCD76 /* Assets.xcassets in Resources */,
				88DE3EB51E83FD58007FCD76 /* Main.storyboard in Resources */,
			);
			runOnlyForDeploymentPostprocessing = 0;
		};
/* End PBXResourcesBuildPhase section */

/* Begin PBXSourcesBuildPhase section */
		88DE3EA61E83FD57007FCD76 /* Sources */ = {
			isa = PBXSourcesBuildPhase;
			buildActionMask = 2147483647;
			files = (
				88DE3EB21E83FD58007FCD76 /* SecondViewController.swift in Sources */,
				88DE3EAE1E83FD58007FCD76 /* AppDelegate.swift in Sources */,
				88DE3EB01E83FD58007FCD76 /* FirstViewController.swift in Sources */,
			);
			runOnlyForDeploymentPostprocessing = 0;
		};
/* End PBXSourcesBuildPhase section */

/* Begin PBXVariantGroup section */
		88DE3EB31E83FD58007FCD76 /* Main.storyboard */ = {
			isa = PBXVariantGroup;
			children = (
				88DE3EB41E83FD58007FCD76 /* Base */,
			);
			name = Main.storyboard;
			sourceTree = "<group>";
		};
		88DE3EB81E83FD58007FCD76 /* LaunchScreen.storyboard */ = {
			isa = PBXVariantGroup;
			children = (
				88DE3EB91E83FD58007FCD76 /* Base */,
			);
			name = LaunchScreen.storyboard;
			sourceTree = "<group>";
		};
/* End PBXVariantGroup section */

/* Begin XCBuildConfiguration section */
		88DE3EBC1E83FD58007FCD76 /* Debug */ = {
			isa = XCBuildConfiguration;
			buildSettings = {
				ALWAYS_SEARCH_USER_PATHS = NO;
				CLANG_ANALYZER_NONNULL = YES;
				CLANG_CXX_LANGUAGE_STANDARD = "gnu++0x";
				CLANG_CXX_LIBRARY = "libc++";
				CLANG_ENABLE_MODULES = YES;
				CLANG_ENABLE_OBJC_ARC = YES;
				CLANG_WARN_BOOL_CONVERSION = YES;
				CLANG_WARN_CONSTANT_CONVERSION = YES;
				CLANG_WARN_DIRECT_OBJC_ISA_USAGE = YES_ERROR;
				CLANG_WARN_DOCUMENTATION_COMMENTS = YES;
				CLANG_WARN_EMPTY_BODY = YES;
				CLANG_WARN_ENUM_CONVERSION = YES;
				CLANG_WARN_INFINITE_RECURSION = YES;
				CLANG_WARN_INT_CONVERSION = YES;
				CLANG_WARN_OBJC_ROOT_CLASS = YES_ERROR;
				CLANG_WARN_SUSPICIOUS_MOVE = YES;
				CLANG_WARN_UNREACHABLE_CODE = YES;
				CLANG_WARN__DUPLICATE_METHOD_MATCH = YES;
				"CODE_SIGN_IDENTITY[sdk=iphoneos*]" = "iPhone Developer";
				COPY_PHASE_STRIP = NO;
				DEBUG_INFORMATION_FORMAT = dwarf;
				ENABLE_STRICT_OBJC_MSGSEND = YES;
				ENABLE_TESTABILITY = YES;
				GCC_C_LANGUAGE_STANDARD = gnu99;
				GCC_DYNAMIC_NO_PIC = NO;
				GCC_NO_COMMON_BLOCKS = YES;
				GCC_OPTIMIZATION_LEVEL = 0;
				GCC_PREPROCESSOR_DEFINITIONS = (
					"DEBUG=1",
					"$(inherited)",
				);
				GCC_WARN_64_TO_32_BIT_CONVERSION = YES;
				GCC_WARN_ABOUT_RETURN_TYPE = YES_ERROR;
				GCC_WARN_UNDECLARED_SELECTOR = YES;
				GCC_WARN_UNINITIALIZED_AUTOS = YES_AGGRESSIVE;
				GCC_WARN_UNUSED_FUNCTION = YES;
				GCC_WARN_UNUSED_VARIABLE = YES;
				IPHONEOS_DEPLOYMENT_TARGET = 10.2;
				MTL_ENABLE_DEBUG_INFO = YES;
				ONLY_ACTIVE_ARCH = YES;
				SDKROOT = iphoneos;
				SWIFT_ACTIVE_COMPILATION_CONDITIONS = DEBUG;
				SWIFT_OPTIMIZATION_LEVEL = "-Onone";
				TARGETED_DEVICE_FAMILY = "1,2";
			};
			name = Debug;
		};
		88DE3EBD1E83FD58007FCD76 /* Release */ = {
			isa = XCBuildConfiguration;
			buildSettings = {
				ALWAYS_SEARCH_USER_PATHS = NO;
				CLANG_ANALYZER_NONNULL = YES;
				CLANG_CXX_LANGUAGE_STANDARD = "gnu++0x";
				CLANG_CXX_LIBRARY = "libc++";
				CLANG_ENABLE_MODULES = YES;
				CLANG_ENABLE_OBJC_ARC = YES;
				CLANG_WARN_BOOL_CONVERSION = YES;
				CLANG_WARN_CONSTANT_CONVERSION = YES;
				CLANG_WARN_DIRECT_OBJC_ISA_USAGE = YES_ERROR;
				CLANG_WARN_DOCUMENTATION_COMMENTS = YES;
				CLANG_WARN_EMPTY_BODY = YES;
				CLANG_WARN_ENUM_CONVERSION = YES;
				CLANG_WARN_INFINITE_RECURSION = YES;
				CLANG_WARN_INT_CONVERSION = YES;
				CLANG_WARN_OBJC_ROOT_CLASS = YES_ERROR;
				CLANG_WARN_SUSPICIOUS_MOVE = YES;
				CLANG_WARN_UNREACHABLE_CODE = YES;
				CLANG_WARN__DUPLICATE_METHOD_MATCH = YES;
				"CODE_SIGN_IDENTITY[sdk=iphoneos*]" = "iPhone Developer";
				COPY_PHASE_STRIP = NO;
				DEBUG_INFORMATION_FORMAT = "dwarf-with-dsym";
				ENABLE_NS_ASSERTIONS = NO;
				ENABLE_STRICT_OBJC_MSGSEND = YES;
				GCC_C_LANGUAGE_STANDARD = gnu99;
				GCC_NO_COMMON_BLOCKS = YES;
				GCC_WARN_64_TO_32_BIT_CONVERSION = YES;
				GCC_WARN_ABOUT_RETURN_TYPE = YES_ERROR;
				GCC_WARN_UNDECLARED_SELECTOR = YES;
				GCC_WARN_UNINITIALIZED_AUTOS = YES_AGGRESSIVE;
				GCC_WARN_UNUSED_FUNCTION = YES;
				GCC_WARN_UNUSED_VARIABLE = YES;
				IPHONEOS_DEPLOYMENT_TARGET = 10.2;
				MTL_ENABLE_DEBUG_INFO = NO;
				SDKROOT = iphoneos;
				SWIFT_OPTIMIZATION_LEVEL = "-Owholemodule";
				TARGETED_DEVICE_FAMILY = "1,2";
				VALIDATE_PRODUCT = YES;
			};
			name = Release;
		};
		88DE3EBF1E83FD58007FCD76 /* Debug */ = {
			isa = XCBuildConfiguration;
			buildSettings = {
				ASSETCATALOG_COMPILER_APPICON_NAME = AppIcon;
				DEVELOPMENT_TEAM = 4WGG8V34K4;
				INFOPLIST_FILE = SportUp/Info.plist;
				LD_RUNPATH_SEARCH_PATHS = "$(inherited) @executable_path/Frameworks";
				PRODUCT_BUNDLE_IDENTIFIER = ru.binaryblitz.SportUp;
				PRODUCT_NAME = "$(TARGET_NAME)";
				SWIFT_VERSION = 3.0;
			};
			name = Debug;
		};
		88DE3EC01E83FD58007FCD76 /* Release */ = {
			isa = XCBuildConfiguration;
			buildSettings = {
				ASSETCATALOG_COMPILER_APPICON_NAME = AppIcon;
				DEVELOPMENT_TEAM = 4WGG8V34K4;
				INFOPLIST_FILE = SportUp/Info.plist;
				LD_RUNPATH_SEARCH_PATHS = "$(inherited) @executable_path/Frameworks";
				PRODUCT_BUNDLE_IDENTIFIER = ru.binaryblitz.SportUp;
				PRODUCT_NAME = "$(TARGET_NAME)";
				SWIFT_VERSION = 3.0;
			};
			name = Release;
		};
/* End XCBuildConfiguration section */

/* Begin XCConfigurationList section */
		88DE3EA51E83FD57007FCD76 /* Build configuration list for PBXProject "SportUp" */ = {
			isa = XCConfigurationList;
			buildConfigurations = (
				88DE3EBC1E83FD58007FCD76 /* Debug */,
				88DE3EBD1E83FD58007FCD76 /* Release */,
			);
			defaultConfigurationIsVisible = 0;
			defaultConfigurationName = Release;
		};
		88DE3EBE1E83FD58007FCD76 /* Build configuration list for PBXNativeTarget "SportUp" */ = {
			isa = XCConfigurationList;
			buildConfigurations = (
				88DE3EBF1E83FD58007FCD76 /* Debug */,
				88DE3EC01E83FD58007FCD76 /* Release */,
			);
			defaultConfigurationIsVisible = 0;
		};
/* End XCConfigurationList section */
	};
	rootObject = 88DE3EA21E83FD57007FCD76 /* Project object */;
}
